Microsoft Visual Studio Solution File, Format Version 12.00
# Visual Studio Version 17
VisualStudioVersion = 17.5.2.0
MinimumVisualStudioVersion = 10.0.40219.1
Project("{FAE04EC0-301F-11D3-BF4B-00C04F79EFBC}") = "DataManagement", "data_management/DataManagement.csproj", "{B95E47A1-B4D8-4F22-46FD-E1D5D191672B}"
EndProject
Global
	GlobalSection(SolutionConfigurationPlatforms) = preSolution
		Debug|Any CPU = Debug|Any CPU
		Release|Any CPU = Release|Any CPU
	EndGlobalSection
	GlobalSection(ProjectConfigurationPlatforms) = postSolution
		{B95E47A1-B4D8-4F22-46FD-E1D5D191672B}.Debug|Any CPU.ActiveCfg = Debug|Any CPU
		{B95E47A1-B4D8-4F22-46FD-E1D5D191672B}.Debug|Any CPU.Build.0 = Debug|Any CPU
		{B95E47A1-B4D8-4F22-46FD-E1D5D191672B}.Release|Any CPU.ActiveCfg = Release|Any CPU
		{B95E47A1-B4D8-4F22-46FD-E1D5D191672B}.Release|Any CPU.Build.0 = Release|Any CPU
	EndGlobalSection
	GlobalSection(SolutionProperties) = preSolution
		HideSolutionNode = FALSE
	EndGlobalSection
	GlobalSection(ExtensibilityGlobals) = postSolution
		SolutionGuid = {09D80C3C-06ED-4AC2-A73F-DBC6A31B1385}
	EndGlobalSection
EndGlobal
